{
  "nodes": {
    "agent-skills": {
      "inputs": {
        "home-manager": "home-manager",
        "nixpkgs": "nixpkgs"
      },
      "locked": {
        "lastModified": 1772204473,
        "narHash": "sha256-iT3F56ad9zxrY7BCjVIyBk8xHwnULL3WcJOdQc+HHVU=",
        "owner": "Kyure-A",
        "repo": "agent-skills-nix",
        "rev": "9ee599cb979640aa403083106743a3e3f6458645",
        "type": "github"
      },
      "original": {
        "owner": "Kyure-A",
        "repo": "agent-skills-nix",
        "type": "github"
      }
    },
    "anthropic-skills": {
      "flake": false,
      "locked": {
        "lastModified": 1771993718,
        "narHash": "sha256-mZZ0rlj/kju7we1h+MvUjgFAVjcZ/qKkMbNZfhfCSvk=",
        "owner": "anthropics",
        "repo": "skills",
        "rev": "3d59511518591fa82e6cfcf0438d68dd5dad3e76",
        "type": "github"
      },
      "original": {
        "owner": "anthropics",
        "repo": "skills",
        "type": "github"
      }
    },
    "home-manager": {
      "inputs": {
        "nixpkgs": [
          "agent-skills",
          "nixpkgs"
        ]
      },
      "locked": {
        "lastModified": 1771756436,
        "narHash": "sha256-Tl2I0YXdhSTufGqAaD1ySh8x+cvVsEI1mJyJg12lxhI=",
        "owner": "nix-community",
        "repo": "home-manager",
        "rev": "5bd3589390b431a63072868a90c0f24771ff4cbb",
        "type": "github"
      },
      "original": {
        "owner": "nix-community",
        "repo": "home-manager",
        "type": "github"
      }
    },
    "next-skills": {
      "flake": false,
      "locked": {
        "lastModified": 1771265179,
        "narHash": "sha256-YkDZc2hmYukW/ahPsnzc/UHeckVVybjctKDs5MYRvZA=",
        "owner": "vercel-labs",
        "repo": "next-skills",
        "rev": "038954e07bfc313e97fa5f6ff7caf87226e4a782",
        "type": "github"
      },
      "original": {
        "owner": "vercel-labs",
        "repo": "next-skills",
        "type": "github"
      }
    },
    "nixpkgs": {
      "locked": {
        "lastModified": 1771369470,
        "narHash": "sha256-0NBlEBKkN3lufyvFegY4TYv5mCNHbi5OmBDrzihbBMQ=",
        "owner": "NixOS",
        "repo": "nixpkgs",
        "rev": "0182a361324364ae3f436a63005877674cf45efb",
        "type": "github"
      },
      "original": {
        "owner": "NixOS",
        "ref": "nixos-unstable",
        "repo": "nixpkgs",
        "type": "github"
      }
    },
    "nixpkgs_2": {
      "locked": {
        "lastModified": 1771848320,
        "narHash": "sha256-0MAd+0mun3K/Ns8JATeHT1sX28faLII5hVLq0L3BdZU=",
        "owner": "NixOS",
        "repo": "nixpkgs",
        "rev": "2fc6539b481e1d2569f25f8799236694180c0993",
        "type": "github"
      },
      "original": {
        "owner": "NixOS",
        "ref": "nixos-unstable",
        "repo": "nixpkgs",
        "type": "github"
      }
    },
    "root": {
      "inputs": {
        "agent-skills": "agent-skills",
        "anthropic-skills": "anthropic-skills",
        "next-skills": "next-skills",
        "nixpkgs": "nixpkgs_2",
        "ui-skills": "ui-skills",
        "vinext": "vinext"
      }
    },
    "ui-skills": {
      "flake": false,
      "locked": {
        "lastModified": 1771490062,
        "narHash": "sha256-j5qRM+Cx/6Wetp5rQir9LX6sx1NBNq2tBhcTt0YafJI=",
        "owner": "ibelick",
        "repo": "ui-skills",
        "rev": "66eb2f5bc6c5dbdd13e601e23fb55ea64692807c",
        "type": "github"
      },
      "original": {
        "owner": "ibelick",
        "repo": "ui-skills",
        "type": "github"
      }
    },
    "vinext": {
      "flake": false,
      "locked": {
        "lastModified": 1772202897,
        "narHash": "sha256-+V56OxJcJ0vIx7yA4E3BXmSo3gKvSi2+tollhAC4vTE=",
        "owner": "cloudflare",
        "repo": "vinext",
        "rev": "3679418f16ee43ae53c61f1d2de8ab9593e5ebab",
        "type": "github"
      },
      "original": {
        "owner": "cloudflare",
        "repo": "vinext",
        "type": "github"
      }
    }
  },
  "root": "root",
  "version": 7
}
